
Microsoft Visual Studio Solution File, Format Version 12.00
# Visual Studio Version 16
VisualStudioVersion = 16.0.29326.143
MinimumVisualStudioVersion = 10.0.40219.1
Project("{FAE04EC0-301F-11D3-BF4B-00C04F79EFBC}") = "DependencyInversionExample", "..\DependencyInversionExample\DependencyInversionExample.csproj", "{775A0567-351E-493D-91A7-C04CCF90504A}"
EndProject
Project("{FAE04EC0-301F-11D3-BF4B-00C04F79EFBC}") = "AbstractFactoryDesignPatternSample", "..\AbstractFactoryDesignPatternSample\AbstractFactoryDesignPatternSample.csproj", "{35DE0405-367E-4576-89D0-94A38CEEC10E}"
EndProject
Project("{FAE04EC0-301F-11D3-BF4B-00C04F79EFBC}") = "BuilderDesignPatternSample", "BuilderDesignPatternSample\BuilderDesignPatternSample.csproj", "{59F7F828-A384-4E30-8CFA-7672641B74F8}"
EndProject
Global
	GlobalSection(SolutionConfigurationPlatforms) = preSolution
		Debug|Any CPU = Debug|Any CPU
		Release|Any CPU = Release|Any CPU
	EndGlobalSection
	GlobalSection(ProjectConfigurationPlatforms) = postSolution
		{775A0567-351E-493D-91A7-C04CCF90504A}.Debug|Any CPU.ActiveCfg = Debug|Any CPU
		{775A0567-351E-493D-91A7-C04CCF90504A}.Debug|Any CPU.Build.0 = Debug|Any CPU
		{775A0567-351E-493D-91A7-C04CCF90504A}.Release|Any CPU.ActiveCfg = Release|Any CPU
		{775A0567-351E-493D-91A7-C04CCF90504A}.Release|Any CPU.Build.0 = Release|Any CPU
		{35DE0405-367E-4576-89D0-94A38CEEC10E}.Debug|Any CPU.ActiveCfg = Debug|Any CPU
		{35DE0405-367E-4576-89D0-94A38CEEC10E}.Debug|Any CPU.Build.0 = Debug|Any CPU
		{35DE0405-367E-4576-89D0-94A38CEEC10E}.Release|Any CPU.ActiveCfg = Release|Any CPU
		{35DE0405-367E-4576-89D0-94A38CEEC10E}.Release|Any CPU.Build.0 = Release|Any CPU
		{59F7F828-A384-4E30-8CFA-7672641B74F8}.Debug|Any CPU.ActiveCfg = Debug|Any CPU
		{59F7F828-A384-4E30-8CFA-7672641B74F8}.Debug|Any CPU.Build.0 = Debug|Any CPU
		{59F7F828-A384-4E30-8CFA-7672641B74F8}.Release|Any CPU.ActiveCfg = Release|Any CPU
		{59F7F828-A384-4E30-8CFA-7672641B74F8}.Release|Any CPU.Build.0 = Release|Any CPU
	EndGlobalSection
	GlobalSection(SolutionProperties) = preSolution
		HideSolutionNode = FALSE
	EndGlobalSection
	GlobalSection(ExtensibilityGlobals) = postSolution
		SolutionGuid = {27CF18DC-CBEF-43ED-B169-10CC6C62B641}
	EndGlobalSection
EndGlobal
